
Microsoft Visual Studio Solution File, Format Version 12.00
# Visual Studio Version 16
VisualStudioVersion = 16.0.29920.165
MinimumVisualStudioVersion = 10.0.40219.1
Project("{9A19103F-16F7-4668-BE54-9A1E7A4F7556}") = "GraphQLSample", "GraphQLSample\GraphQLSample.csproj", "{A9FF0828-9C45-484F-B2DB-B7FC87D4A9EF}"
EndProject
Project("{FAE04EC0-301F-11D3-BF4B-00C04F79EFBC}") = "GraphQLSample.DataAccess", "GraphQL.DataAccess\GraphQLSample.DataAccess.csproj", "{207EF646-F971-431B-82E1-59F0A6AE4320}"
EndProject
Project("{FAE04EC0-301F-11D3-BF4B-00C04F79EFBC}") = "GraphQLSample.Database", "GraphQLSample.Database\GraphQLSample.Database.csproj", "{A879E5EF-8B93-4E3C-8AC5-2D19782537BB}"
EndProject
Project("{FAE04EC0-301F-11D3-BF4B-00C04F79EFBC}") = "GraphQLSample.Types", "GraphQLSample.Types\GraphQLSample.Types.csproj", "{13102947-4BA4-4A58-B01A-F4CA9503C756}"
EndProject
Project("{FAE04EC0-301F-11D3-BF4B-00C04F79EFBC}") = "GraphQLSample.Utilities", "GraphQLSample.Utilities\GraphQLSample.Utilities.csproj", "{79450638-C780-4B2C-8B74-3B2C1BB4A2A2}"
EndProject
Global
	GlobalSection(SolutionConfigurationPlatforms) = preSolution
		Debug|Any CPU = Debug|Any CPU
		Release|Any CPU = Release|Any CPU
	EndGlobalSection
	GlobalSection(ProjectConfigurationPlatforms) = postSolution
		{A9FF0828-9C45-484F-B2DB-B7FC87D4A9EF}.Debug|Any CPU.ActiveCfg = Debug|Any CPU
		{A9FF0828-9C45-484F-B2DB-B7FC87D4A9EF}.Debug|Any CPU.Build.0 = Debug|Any CPU
		{A9FF0828-9C45-484F-B2DB-B7FC87D4A9EF}.Release|Any CPU.ActiveCfg = Release|Any CPU
		{A9FF0828-9C45-484F-B2DB-B7FC87D4A9EF}.Release|Any CPU.Build.0 = Release|Any CPU
		{207EF646-F971-431B-82E1-59F0A6AE4320}.Debug|Any CPU.ActiveCfg = Debug|Any CPU
		{207EF646-F971-431B-82E1-59F0A6AE4320}.Debug|Any CPU.Build.0 = Debug|Any CPU
		{207EF646-F971-431B-82E1-59F0A6AE4320}.Release|Any CPU.ActiveCfg = Release|Any CPU
		{207EF646-F971-431B-82E1-59F0A6AE4320}.Release|Any CPU.Build.0 = Release|Any CPU
		{A879E5EF-8B93-4E3C-8AC5-2D19782537BB}.Debug|Any CPU.ActiveCfg = Debug|Any CPU
		{A879E5EF-8B93-4E3C-8AC5-2D19782537BB}.Debug|Any CPU.Build.0 = Debug|Any CPU
		{A879E5EF-8B93-4E3C-8AC5-2D19782537BB}.Release|Any CPU.ActiveCfg = Release|Any CPU
		{A879E5EF-8B93-4E3C-8AC5-2D19782537BB}.Release|Any CPU.Build.0 = Release|Any CPU
		{13102947-4BA4-4A58-B01A-F4CA9503C756}.Debug|Any CPU.ActiveCfg = Debug|Any CPU
		{13102947-4BA4-4A58-B01A-F4CA9503C756}.Debug|Any CPU.Build.0 = Debug|Any CPU
		{13102947-4BA4-4A58-B01A-F4CA9503C756}.Release|Any CPU.ActiveCfg = Release|Any CPU
		{13102947-4BA4-4A58-B01A-F4CA9503C756}.Release|Any CPU.Build.0 = Release|Any CPU
		{79450638-C780-4B2C-8B74-3B2C1BB4A2A2}.Debug|Any CPU.ActiveCfg = Debug|Any CPU
		{79450638-C780-4B2C-8B74-3B2C1BB4A2A2}.Debug|Any CPU.Build.0 = Debug|Any CPU
		{79450638-C780-4B2C-8B74-3B2C1BB4A2A2}.Release|Any CPU.ActiveCfg = Release|Any CPU
		{79450638-C780-4B2C-8B74-3B2C1BB4A2A2}.Release|Any CPU.Build.0 = Release|Any CPU
	EndGlobalSection
	GlobalSection(SolutionProperties) = preSolution
		HideSolutionNode = FALSE
	EndGlobalSection
	GlobalSection(ExtensibilityGlobals) = postSolution
		SolutionGuid = {20C43BA4-36B2-4444-989F-A38321D17E69}
	EndGlobalSection
EndGlobal
